
Microsoft Visual Studio Solution File, Format Version 12.00
# Visual Studio 15
VisualStudioVersion = 15.0.28307.106
MinimumVisualStudioVersion = 10.0.40219.1
Project("{FAE04EC0-301F-11D3-BF4B-00C04F79EFBC}") = "Promedio5Numeros", "Promedio5Numeros\Promedio5Numeros.csproj", "{31696CB5-86A8-48B5-B4EB-FCB9FED1434A}"
EndProject
Global
	GlobalSection(SolutionConfigurationPlatforms) = preSolution
		Debug|Any CPU = Debug|Any CPU
		Release|Any CPU = Release|Any CPU
	EndGlobalSection
	GlobalSection(ProjectConfigurationPlatforms) = postSolution
		{31696CB5-86A8-48B5-B4EB-FCB9FED1434A}.Debug|Any CPU.ActiveCfg = Debug|Any CPU
		{31696CB5-86A8-48B5-B4EB-FCB9FED1434A}.Debug|Any CPU.Build.0 = Debug|Any CPU
		{31696CB5-86A8-48B5-B4EB-FCB9FED1434A}.Release|Any CPU.ActiveCfg = Release|Any CPU
		{31696CB5-86A8-48B5-B4EB-FCB9FED1434A}.Release|Any CPU.Build.0 = Release|Any CPU
	EndGlobalSection
	GlobalSection(SolutionProperties) = preSolution
		HideSolutionNode = FALSE
	EndGlobalSection
	GlobalSection(ExtensibilityGlobals) = postSolution
		SolutionGuid = {3B441A51-BD45-4FD4-81B1-414AF07C4913}
	EndGlobalSection
EndGlobal
