
Microsoft Visual Studio Solution File, Format Version 12.00
# Visual Studio 15
VisualStudioVersion = 15.0.28307.106
MinimumVisualStudioVersion = 10.0.40219.1
Project("{FAE04EC0-301F-11D3-BF4B-00C04F79EFBC}") = "NumerosParesImpares", "NumerosParesImpares\NumerosParesImpares.csproj", "{4662D6C0-B296-4A23-A367-01B8CF582372}"
EndProject
Global
	GlobalSection(SolutionConfigurationPlatforms) = preSolution
		Debug|Any CPU = Debug|Any CPU
		Release|Any CPU = Release|Any CPU
	EndGlobalSection
	GlobalSection(ProjectConfigurationPlatforms) = postSolution
		{4662D6C0-B296-4A23-A367-01B8CF582372}.Debug|Any CPU.ActiveCfg = Debug|Any CPU
		{4662D6C0-B296-4A23-A367-01B8CF582372}.Debug|Any CPU.Build.0 = Debug|Any CPU
		{4662D6C0-B296-4A23-A367-01B8CF582372}.Release|Any CPU.ActiveCfg = Release|Any CPU
		{4662D6C0-B296-4A23-A367-01B8CF582372}.Release|Any CPU.Build.0 = Release|Any CPU
	EndGlobalSection
	GlobalSection(SolutionProperties) = preSolution
		HideSolutionNode = FALSE
	EndGlobalSection
	GlobalSection(ExtensibilityGlobals) = postSolution
		SolutionGuid = {F408B59D-958F-4356-95B1-C953FE949AFB}
	EndGlobalSection
EndGlobal
